PODS:
  - MBProgressHUD (1.2.0)
  - QuickTableViewController (1.2.0)
  - SnapKit (5.0.1)
  - SwiftSoup (2.2.0)

DEPENDENCIES:
  - MBProgressHUD (~> 1.2.0)
  - QuickTableViewController
  - SnapKit (~> 5.0.0)
  - SwiftSoup

SPEC REPOS:
  https://github.com/CocoaPods/Specs.git:
    - QuickTableViewController
    - SnapKit
    - SwiftSoup
  trunk:
    - MBProgressHUD

SPEC CHECKSUMS:
  MBProgressHUD: 3ee5efcc380f6a79a7cc9b363dd669c5e1ae7406
  QuickTableViewController: 4730f2b4044e6b6805ee898e1794ecbb83898f20
  SnapKit: 97b92857e3df3a0c71833cce143274bf6ef8e5eb
  SwiftSoup: 230991361c5ba249d140161860a3864a28b63860

PODFILE CHECKSUM: e0946610fdb4fa7cfd49f1a1781cf941a1e332b0

COCOAPODS: 1.9.0.beta.3
