// !$*UTF8*$!
{
	archiveVersion = 1;
	classes = {
	};
	objectVersion = 51;
	objects = {

/* Begin PBXBuildFile section */
		7F08C288C8835AA15ADD5597 /* Pods_OneSignalNotificationServiceExtension.framework in Frameworks */ = {isa = PBXBuildFile; fileRef = E4700EEC7991F8F4538A2931 /* Pods_OneSignalNotificationServiceExtension.framework */; };
		B87EA6532221EDC000CE8114 /* AppDelegate.swift in Sources */ = {isa = PBXBuildFile; fileRef = B87EA6522221EDC000CE8114 /* AppDelegate.swift */; };
		B87EA6552221EDC000CE8114 /* MainTabBarController.swift in Sources */ = {isa = PBXBuildFile; fileRef = B87EA6542221EDC000CE8114 /* MainTabBarController.swift */; };
		B87EA65A2221EDC200CE8114 /* Assets.xcassets in Resources */ = {isa = PBXBuildFile; fileRef = B87EA6592221EDC200CE8114 /* Assets.xcassets */; };
		B87EA65D2221EDC200CE8114 /* LaunchScreen.storyboard in Resources */ = {isa = PBXBuildFile; fileRef = B87EA65B2221EDC200CE8114 /* LaunchScreen.storyboard */; };
		B87EA6652221EE0300CE8114 /* Constants.swift in Sources */ = {isa = PBXBuildFile; fileRef = B87EA6642221EE0300CE8114 /* Constants.swift */; };
		B8B41CE122283A34005E304A /* CommitsView.swift in Sources */ = {isa = PBXBuildFile; fileRef = B8B41CE022283A34005E304A /* CommitsView.swift */; };
		B8B41CE422286E6E005E304A /* ContributionsGraphView.swift in Sources */ = {isa = PBXBuildFile; fileRef = B8B41CE322286E6E005E304A /* ContributionsGraphView.swift */; };
		B8B41CEA2228737B005E304A /* MainVC.swift in Sources */ = {isa = PBXBuildFile; fileRef = B8B41CE92228737B005E304A /* MainVC.swift */; };
		B8B41CEC22287388005E304A /* RootSettingVC.swift in Sources */ = {isa = PBXBuildFile; fileRef = B8B41CEB22287388005E304A /* RootSettingVC.swift */; };
		CC17DBAD22FF9D1500E34951 /* GithubDataManager.swift in Sources */ = {isa = PBXBuildFile; fileRef = CC17DBAC22FF9D1500E34951 /* GithubDataManager.swift */; };
		CC5C43D52433E2D300446308 /* UIFont+UILabel+Extensions.swift in Sources */ = {isa = PBXBuildFile; fileRef = CC5C43D42433E2D300446308 /* UIFont+UILabel+Extensions.swift */; };
		CC798C27233A94A300CBD8B0 /* UIColor+Extensions.swift in Sources */ = {isa = PBXBuildFile; fileRef = CC798C26233A94A300CBD8B0 /* UIColor+Extensions.swift */; };
		CC84116823B47B9000B655A6 /* Interface.storyboard in Resources */ = {isa = PBXBuildFile; fileRef = CC84116623B47B9000B655A6 /* Interface.storyboard */; };
		CC84116A23B47B9400B655A6 /* Assets.xcassets in Resources */ = {isa = PBXBuildFile; fileRef = CC84116923B47B9400B655A6 /* Assets.xcassets */; };
		CC84117123B47B9400B655A6 /* WatchDailyGit Extension.appex in Embed App Extensions */ = {isa = PBXBuildFile; fileRef = CC84117023B47B9400B655A6 /* WatchDailyGit Extension.appex */; settings = {ATTRIBUTES = (RemoveHeadersOnCopy, ); }; };
		CC84117623B47B9400B655A6 /* InterfaceController.swift in Sources */ = {isa = PBXBuildFile; fileRef = CC84117523B47B9400B655A6 /* InterfaceController.swift */; };
		CC84117823B47B9400B655A6 /* ExtensionDelegate.swift in Sources */ = {isa = PBXBuildFile; fileRef = CC84117723B47B9400B655A6 /* ExtensionDelegate.swift */; };
		CC84117A23B47B9400B655A6 /* NotificationController.swift in Sources */ = {isa = PBXBuildFile; fileRef = CC84117923B47B9400B655A6 /* NotificationController.swift */; };
		CC84117C23B47B9400B655A6 /* ComplicationController.swift in Sources */ = {isa = PBXBuildFile; fileRef = CC84117B23B47B9400B655A6 /* ComplicationController.swift */; };
		CC84117E23B47B9500B655A6 /* Assets.xcassets in Resources */ = {isa = PBXBuildFile; fileRef = CC84117D23B47B9500B655A6 /* Assets.xcassets */; };
		CC84118323B47B9500B655A6 /* WatchDailyGit.app in Embed Watch Content */ = {isa = PBXBuildFile; fileRef = CC84116423B47B9000B655A6 /* WatchDailyGit.app */; settings = {ATTRIBUTES = (RemoveHeadersOnCopy, ); }; };
		CC9E1DD4242E352D00E7E283 /* Textfield+Extensions.swift in Sources */ = {isa = PBXBuildFile; fileRef = CC9E1DD3242E352D00E7E283 /* Textfield+Extensions.swift */; };
		CCB5242A2317237F004FF84B /* DateHelper.swift in Sources */ = {isa = PBXBuildFile; fileRef = CCB524292317237F004FF84B /* DateHelper.swift */; };
		CCC3A81D230B15CB0051C151 /* Contribution.swift in Sources */ = {isa = PBXBuildFile; fileRef = CCC3A81C230B15CB0051C151 /* Contribution.swift */; };
		CCC3A81F230B16FC0051C151 /* User.swift in Sources */ = {isa = PBXBuildFile; fileRef = CCC3A81E230B16FC0051C151 /* User.swift */; };
		CCC3A821230B42050051C151 /* UserInfoHelper.swift in Sources */ = {isa = PBXBuildFile; fileRef = CCC3A820230B42050051C151 /* UserInfoHelper.swift */; };
		CCC3A824230B483F0051C151 /* Reachability.swift in Sources */ = {isa = PBXBuildFile; fileRef = CCC3A823230B483F0051C151 /* Reachability.swift */; };
		CCD5132C23158D0C00B000AA /* Date+Extensions.swift in Sources */ = {isa = PBXBuildFile; fileRef = CCD5132B23158D0C00B000AA /* Date+Extensions.swift */; };
		CCD5132E23158FE700B000AA /* String+Extensions.swift in Sources */ = {isa = PBXBuildFile; fileRef = CCD5132D23158FE700B000AA /* String+Extensions.swift */; };
		CCF2E96C22FFE02D00F4E118 /* testing.storyboard in Resources */ = {isa = PBXBuildFile; fileRef = CCF2E96B22FFE02D00F4E118 /* testing.storyboard */; };
		CCF2E96F2300D69B00F4E118 /* OnboardingVC.swift in Sources */ = {isa = PBXBuildFile; fileRef = CCF2E96E2300D69B00F4E118 /* OnboardingVC.swift */; };
		CCF2E97223011F3500F4E118 /* OnboardingView.swift in Sources */ = {isa = PBXBuildFile; fileRef = CCF2E97123011F3500F4E118 /* OnboardingView.swift */; };
		CCFAB0E3240F66C3007000B8 /* NotificationService.swift in Sources */ = {isa = PBXBuildFile; fileRef = CCFAB0E2240F66C3007000B8 /* NotificationService.swift */; };
		CCFAB0E7240F66C3007000B8 /* OneSignalNotificationServiceExtension.appex in Embed App Extensions */ = {isa = PBXBuildFile; fileRef = CCFAB0E0240F66C3007000B8 /* OneSignalNotificationServiceExtension.appex */; settings = {ATTRIBUTES = (RemoveHeadersOnCopy, ); }; };
		E3AF3AFDB9A56429936730F3 /* Pods_DailyGit.framework in Frameworks */ = {isa = PBXBuildFile; fileRef = 7D1A3A6F6A6AD99C7CACE238 /* Pods_DailyGit.framework */; };
/* End PBXBuildFile section */

/* Begin PBXContainerItemProxy section */
		CC84117223B47B9400B655A6 /* PBXContainerItemProxy */ = {
			isa = PBXContainerItemProxy;
			containerPortal = B87EA6472221EDC000CE8114 /* Project object */;
			proxyType = 1;
			remoteGlobalIDString = CC84116F23B47B9400B655A6;
			remoteInfo = "WatchDailyGit Extension";
		};
		CC84118123B47B9500B655A6 /* PBXContainerItemProxy */ = {
			isa = PBXContainerItemProxy;
			containerPortal = B87EA6472221EDC000CE8114 /* Project object */;
			proxyType = 1;
			remoteGlobalIDString = CC84116323B47B9000B655A6;
			remoteInfo = WatchDailyGit;
		};
		CCFAB0E5240F66C3007000B8 /* PBXContainerItemProxy */ = {
			isa = PBXContainerItemProxy;
			containerPortal = B87EA6472221EDC000CE8114 /* Project object */;
			proxyType = 1;
			remoteGlobalIDString = CCFAB0DF240F66C3007000B8;
			remoteInfo = OneSignalNotificationServiceExtension;
		};
/* End PBXContainerItemProxy section */

/* Begin PBXCopyFilesBuildPhase section */
		CC84118423B47B9500B655A6 /* Embed Watch Content */ = {
			isa = PBXCopyFilesBuildPhase;
			buildActionMask = 2147483647;
			dstPath = "$(CONTENTS_FOLDER_PATH)/Watch";
			dstSubfolderSpec = 16;
			files = (
				CC84118323B47B9500B655A6 /* WatchDailyGit.app in Embed Watch Content */,
			);
			name = "Embed Watch Content";
			runOnlyForDeploymentPostprocessing = 0;
		};
		CC84118723B47B9500B655A6 /* Embed App Extensions */ = {
			isa = PBXCopyFilesBuildPhase;
			buildActionMask = 2147483647;
			dstPath = "";
			dstSubfolderSpec = 13;
			files = (
				CC84117123B47B9400B655A6 /* WatchDailyGit Extension.appex in Embed App Extensions */,
			);
			name = "Embed App Extensions";
			runOnlyForDeploymentPostprocessing = 0;
		};
		CCFAB0E8240F66C3007000B8 /* Embed App Extensions */ = {
			isa = PBXCopyFilesBuildPhase;
			buildActionMask = 2147483647;
			dstPath = "";
			dstSubfolderSpec = 13;
			files = (
				CCFAB0E7240F66C3007000B8 /* OneSignalNotificationServiceExtension.appex in Embed App Extensions */,
			);
			name = "Embed App Extensions";
			runOnlyForDeploymentPostprocessing = 0;
		};
/* End PBXCopyFilesBuildPhase section */

/* Begin PBXFileReference section */
		115511AC256958835482543F /* Pods-DailyGit.debug.xcconfig */ = {isa = PBXFileReference; includeInIndex = 1; lastKnownFileType = text.xcconfig; name = "Pods-DailyGit.debug.xcconfig"; path = "Target Support Files/Pods-DailyGit/Pods-DailyGit.debug.xcconfig"; sourceTree = "<group>"; };
		7D1A3A6F6A6AD99C7CACE238 /* Pods_DailyGit.framework */ = {isa = PBXFileReference; explicitFileType = wrapper.framework; includeInIndex = 0; path = Pods_DailyGit.framework; sourceTree = BUILT_PRODUCTS_DIR; };
		816320BA58723FF33ABDE6EA /* Pods-OneSignalNotificationServiceExtension.release.xcconfig */ = {isa = PBXFileReference; includeInIndex = 1; lastKnownFileType = text.xcconfig; name = "Pods-OneSignalNotificationServiceExtension.release.xcconfig"; path = "Target Support Files/Pods-OneSignalNotificationServiceExtension/Pods-OneSignalNotificationServiceExtension.release.xcconfig"; sourceTree = "<group>"; };
		8A9C694B9CF2C8E2565358F9 /* Pods-OneSignalNotificationServiceExtension.debug.xcconfig */ = {isa = PBXFileReference; includeInIndex = 1; lastKnownFileType = text.xcconfig; name = "Pods-OneSignalNotificationServiceExtension.debug.xcconfig"; path = "Target Support Files/Pods-OneSignalNotificationServiceExtension/Pods-OneSignalNotificationServiceExtension.debug.xcconfig"; sourceTree = "<group>"; };
		B87EA64F2221EDC000CE8114 /* DailyGit.app */ = {isa = PBXFileReference; explicitFileType = wrapper.application; includeInIndex = 0; path = DailyGit.app; sourceTree = BUILT_PRODUCTS_DIR; };
		B87EA6522221EDC000CE8114 /* AppDelegate.swift */ = {isa = PBXFileReference; lastKnownFileType = sourcecode.swift; path = AppDelegate.swift; sourceTree = "<group>"; };
		B87EA6542221EDC000CE8114 /* MainTabBarController.swift */ = {isa = PBXFileReference; lastKnownFileType = sourcecode.swift; path = MainTabBarController.swift; sourceTree = "<group>"; };
		B87EA6592221EDC200CE8114 /* Assets.xcassets */ = {isa = PBXFileReference; lastKnownFileType = folder.assetcatalog; path = Assets.xcassets; sourceTree = "<group>"; };
		B87EA65C2221EDC200CE8114 /* Base */ = {isa = PBXFileReference; lastKnownFileType = file.storyboard; name = Base; path = Base.lproj/LaunchScreen.storyboard; sourceTree = "<group>"; };
		B87EA65E2221EDC200CE8114 /* Info.plist */ = {isa = PBXFileReference; lastKnownFileType = text.plist.xml; path = Info.plist; sourceTree = "<group>"; };
		B87EA6642221EE0300CE8114 /* Constants.swift */ = {isa = PBXFileReference; lastKnownFileType = sourcecode.swift; path = Constants.swift; sourceTree = "<group>"; };
		B8B41CE022283A34005E304A /* CommitsView.swift */ = {isa = PBXFileReference; lastKnownFileType = sourcecode.swift; path = CommitsView.swift; sourceTree = "<group>"; };
		B8B41CE322286E6E005E304A /* ContributionsGraphView.swift */ = {isa = PBXFileReference; lastKnownFileType = sourcecode.swift; path = ContributionsGraphView.swift; sourceTree = "<group>"; };
		B8B41CE92228737B005E304A /* MainVC.swift */ = {isa = PBXFileReference; lastKnownFileType = sourcecode.swift; path = MainVC.swift; sourceTree = "<group>"; };
		B8B41CEB22287388005E304A /* RootSettingVC.swift */ = {isa = PBXFileReference; lastKnownFileType = sourcecode.swift; path = RootSettingVC.swift; sourceTree = "<group>"; };
		CC17DBAC22FF9D1500E34951 /* GithubDataManager.swift */ = {isa = PBXFileReference; lastKnownFileType = sourcecode.swift; path = GithubDataManager.swift; sourceTree = "<group>"; };
		CC47B82A2408501300C4B312 /* TestingPlayground.playground */ = {isa = PBXFileReference; lastKnownFileType = file.playground; path = TestingPlayground.playground; sourceTree = "<group>"; xcLanguageSpecificationIdentifier = xcode.lang.swift; };
		CC5C43D42433E2D300446308 /* UIFont+UILabel+Extensions.swift */ = {isa = PBXFileReference; lastKnownFileType = sourcecode.swift; path = "UIFont+UILabel+Extensions.swift"; sourceTree = "<group>"; };
		CC798C26233A94A300CBD8B0 /* UIColor+Extensions.swift */ = {isa = PBXFileReference; lastKnownFileType = sourcecode.swift; path = "UIColor+Extensions.swift"; sourceTree = "<group>"; };
		CC84116423B47B9000B655A6 /* WatchDailyGit.app */ = {isa = PBXFileReference; explicitFileType = wrapper.application; includeInIndex = 0; path = WatchDailyGit.app; sourceTree = BUILT_PRODUCTS_DIR; };
		CC84116723B47B9000B655A6 /* Base */ = {isa = PBXFileReference; lastKnownFileType = file.storyboard; name = Base; path = Base.lproj/Interface.storyboard; sourceTree = "<group>"; };
		CC84116923B47B9400B655A6 /* Assets.xcassets */ = {isa = PBXFileReference; lastKnownFileType = folder.assetcatalog; path = Assets.xcassets; sourceTree = "<group>"; };
		CC84116B23B47B9400B655A6 /* Info.plist */ = {isa = PBXFileReference; lastKnownFileType = text.plist.xml; path = Info.plist; sourceTree = "<group>"; };
		CC84117023B47B9400B655A6 /* WatchDailyGit Extension.appex */ = {isa = PBXFileReference; explicitFileType = "wrapper.app-extension"; includeInIndex = 0; path = "WatchDailyGit Extension.appex"; sourceTree = BUILT_PRODUCTS_DIR; };
		CC84117523B47B9400B655A6 /* InterfaceController.swift */ = {isa = PBXFileReference; lastKnownFileType = sourcecode.swift; path = InterfaceController.swift; sourceTree = "<group>"; };
		CC84117723B47B9400B655A6 /* ExtensionDelegate.swift */ = {isa = PBXFileReference; lastKnownFileType = sourcecode.swift; path = ExtensionDelegate.swift; sourceTree = "<group>"; };
		CC84117923B47B9400B655A6 /* NotificationController.swift */ = {isa = PBXFileReference; lastKnownFileType = sourcecode.swift; path = NotificationController.swift; sourceTree = "<group>"; };
		CC84117B23B47B9400B655A6 /* ComplicationController.swift */ = {isa = PBXFileReference; lastKnownFileType = sourcecode.swift; path = ComplicationController.swift; sourceTree = "<group>"; };
		CC84117D23B47B9500B655A6 /* Assets.xcassets */ = {isa = PBXFileReference; lastKnownFileType = folder.assetcatalog; path = Assets.xcassets; sourceTree = "<group>"; };
		CC84117F23B47B9500B655A6 /* Info.plist */ = {isa = PBXFileReference; lastKnownFileType = text.plist.xml; path = Info.plist; sourceTree = "<group>"; };
		CC84118023B47B9500B655A6 /* PushNotificationPayload.apns */ = {isa = PBXFileReference; lastKnownFileType = text; path = PushNotificationPayload.apns; sourceTree = "<group>"; };
		CC9E1DD3242E352D00E7E283 /* Textfield+Extensions.swift */ = {isa = PBXFileReference; lastKnownFileType = sourcecode.swift; path = "Textfield+Extensions.swift"; sourceTree = "<group>"; };
		CCB524292317237F004FF84B /* DateHelper.swift */ = {isa = PBXFileReference; lastKnownFileType = sourcecode.swift; path = DateHelper.swift; sourceTree = "<group>"; };
		CCC3A81B2308C2790051C151 /* DailyGit.entitlements */ = {isa = PBXFileReference; lastKnownFileType = text.plist.entitlements; path = DailyGit.entitlements; sourceTree = "<group>"; };
		CCC3A81C230B15CB0051C151 /* Contribution.swift */ = {isa = PBXFileReference; lastKnownFileType = sourcecode.swift; path = Contribution.swift; sourceTree = "<group>"; };
		CCC3A81E230B16FC0051C151 /* User.swift */ = {isa = PBXFileReference; lastKnownFileType = sourcecode.swift; path = User.swift; sourceTree = "<group>"; };
		CCC3A820230B42050051C151 /* UserInfoHelper.swift */ = {isa = PBXFileReference; lastKnownFileType = sourcecode.swift; path = UserInfoHelper.swift; sourceTree = "<group>"; };
		CCC3A823230B483F0051C151 /* Reachability.swift */ = {isa = PBXFileReference; lastKnownFileType = sourcecode.swift; path = Reachability.swift; sourceTree = "<group>"; };
		CCD5132B23158D0C00B000AA /* Date+Extensions.swift */ = {isa = PBXFileReference; lastKnownFileType = sourcecode.swift; path = "Date+Extensions.swift"; sourceTree = "<group>"; };
		CCD5132D23158FE700B000AA /* String+Extensions.swift */ = {isa = PBXFileReference; lastKnownFileType = sourcecode.swift; path = "String+Extensions.swift"; sourceTree = "<group>"; };
		CCF2E96B22FFE02D00F4E118 /* testing.storyboard */ = {isa = PBXFileReference; lastKnownFileType = file.storyboard; path = testing.storyboard; sourceTree = "<group>"; };
		CCF2E96E2300D69B00F4E118 /* OnboardingVC.swift */ = {isa = PBXFileReference; lastKnownFileType = sourcecode.swift; path = OnboardingVC.swift; sourceTree = "<group>"; };
		CCF2E97123011F3500F4E118 /* OnboardingView.swift */ = {isa = PBXFileReference; lastKnownFileType = sourcecode.swift; path = OnboardingView.swift; sourceTree = "<group>"; };
		CCFAB0E0240F66C3007000B8 /* OneSignalNotificationServiceExtension.appex */ = {isa = PBXFileReference; explicitFileType = "wrapper.app-extension"; includeInIndex = 0; path = OneSignalNotificationServiceExtension.appex; sourceTree = BUILT_PRODUCTS_DIR; };
		CCFAB0E2240F66C3007000B8 /* NotificationService.swift */ = {isa = PBXFileReference; lastKnownFileType = sourcecode.swift; path = NotificationService.swift; sourceTree = "<group>"; };
		CCFAB0E4240F66C3007000B8 /* Info.plist */ = {isa = PBXFileReference; lastKnownFileType = text.plist.xml; path = Info.plist; sourceTree = "<group>"; };
		CCFAB0EC240F6DFA007000B8 /* OneSignalNotificationServiceExtension.entitlements */ = {isa = PBXFileReference; lastKnownFileType = text.plist.entitlements; path = OneSignalNotificationServiceExtension.entitlements; sourceTree = "<group>"; };
		D4785D0209F19D090C54C17B /* Pods-DailyGit.release.xcconfig */ = {isa = PBXFileReference; includeInIndex = 1; lastKnownFileType = text.xcconfig; name = "Pods-DailyGit.release.xcconfig"; path = "Target Support Files/Pods-DailyGit/Pods-DailyGit.release.xcconfig"; sourceTree = "<group>"; };
		E4700EEC7991F8F4538A2931 /* Pods_OneSignalNotificationServiceExtension.framework */ = {isa = PBXFileReference; explicitFileType = wrapper.framework; includeInIndex = 0; path = Pods_OneSignalNotificationServiceExtension.framework; sourceTree = BUILT_PRODUCTS_DIR; };
/* End PBXFileReference section */

/* Begin PBXFrameworksBuildPhase section */
		83928485BF99E94DDC3F05BC /* Frameworks */ = {
			isa = PBXFrameworksBuildPhase;
			buildActionMask = 2147483647;
			files = (
			);
			runOnlyForDeploymentPostprocessing = 0;
		};
		B87EA64C2221EDC000CE8114 /* Frameworks */ = {
			isa = PBXFrameworksBuildPhase;
			buildActionMask = 2147483647;
			files = (
				E3AF3AFDB9A56429936730F3 /* Pods_DailyGit.framework in Frameworks */,
			);
			runOnlyForDeploymentPostprocessing = 0;
		};
		CC84116D23B47B9400B655A6 /* Frameworks */ = {
			isa = PBXFrameworksBuildPhase;
			buildActionMask = 2147483647;
			files = (
			);
			runOnlyForDeploymentPostprocessing = 0;
		};
		CCFAB0DD240F66C3007000B8 /* Frameworks */ = {
			isa = PBXFrameworksBuildPhase;
			buildActionMask = 2147483647;
			files = (
				7F08C288C8835AA15ADD5597 /* Pods_OneSignalNotificationServiceExtension.framework in Frameworks */,
			);
			runOnlyForDeploymentPostprocessing = 0;
		};
/* End PBXFrameworksBuildPhase section */

/* Begin PBXGroup section */
		82D3FC6301537216D72137DC /* Pods */ = {
			isa = PBXGroup;
			children = (
				115511AC256958835482543F /* Pods-DailyGit.debug.xcconfig */,
				D4785D0209F19D090C54C17B /* Pods-DailyGit.release.xcconfig */,
				8A9C694B9CF2C8E2565358F9 /* Pods-OneSignalNotificationServiceExtension.debug.xcconfig */,
				816320BA58723FF33ABDE6EA /* Pods-OneSignalNotificationServiceExtension.release.xcconfig */,
			);
			path = Pods;
			sourceTree = "<group>";
		};
		905E79FED264E32068AAD13E /* Frameworks */ = {
			isa = PBXGroup;
			children = (
				7D1A3A6F6A6AD99C7CACE238 /* Pods_DailyGit.framework */,
				E4700EEC7991F8F4538A2931 /* Pods_OneSignalNotificationServiceExtension.framework */,
			);
			name = Frameworks;
			sourceTree = "<group>";
		};
		B87EA6462221EDC000CE8114 = {
			isa = PBXGroup;
			children = (
				CC47B82A2408501300C4B312 /* TestingPlayground.playground */,
				B87EA6512221EDC000CE8114 /* DailyGit */,
				CC84116523B47B9000B655A6 /* WatchDailyGit */,
				CC84117423B47B9400B655A6 /* WatchDailyGit Extension */,
				CCFAB0E1240F66C3007000B8 /* OneSignalNotificationServiceExtension */,
				B87EA6502221EDC000CE8114 /* Products */,
				82D3FC6301537216D72137DC /* Pods */,
				905E79FED264E32068AAD13E /* Frameworks */,
			);
			sourceTree = "<group>";
		};
		B87EA6502221EDC000CE8114 /* Products */ = {
			isa = PBXGroup;
			children = (
				B87EA64F2221EDC000CE8114 /* DailyGit.app */,
				CC84116423B47B9000B655A6 /* WatchDailyGit.app */,
				CC84117023B47B9400B655A6 /* WatchDailyGit Extension.appex */,
				CCFAB0E0240F66C3007000B8 /* OneSignalNotificationServiceExtension.appex */,
			);
			name = Products;
			sourceTree = "<group>";
		};
		B87EA6512221EDC000CE8114 /* DailyGit */ = {
			isa = PBXGroup;
			children = (
				CCC3A81B2308C2790051C151 /* DailyGit.entitlements */,
				B87EA6522221EDC000CE8114 /* AppDelegate.swift */,
				CCF2E9732302291C00F4E118 /* Extensions */,
				B87EA66622234EA400CE8114 /* View */,
				B87EA66722234EAB00CE8114 /* Model */,
				CCC3A822230B480B0051C151 /* Helpers */,
				B87EA66822234EB100CE8114 /* Controller */,
				CC17DBAB22FF6F6500E34951 /* Supporting Files */,
				B87EA65E2221EDC200CE8114 /* Info.plist */,
				B87EA6642221EE0300CE8114 /* Constants.swift */,
			);
			path = DailyGit;
			sourceTree = "<group>";
		};
		B87EA66622234EA400CE8114 /* View */ = {
			isa = PBXGroup;
			children = (
				CCF2E96B22FFE02D00F4E118 /* testing.storyboard */,
				B8B41CE222286E45005E304A /* SubViews */,
				B8B41CE022283A34005E304A /* CommitsView.swift */,
				CCF2E97123011F3500F4E118 /* OnboardingView.swift */,
			);
			path = View;
			sourceTree = "<group>";
		};
		B87EA66722234EAB00CE8114 /* Model */ = {
			isa = PBXGroup;
			children = (
				CCC3A81C230B15CB0051C151 /* Contribution.swift */,
				CCC3A81E230B16FC0051C151 /* User.swift */,
			);
			path = Model;
			sourceTree = "<group>";
		};
		B87EA66822234EB100CE8114 /* Controller */ = {
			isa = PBXGroup;
			children = (
				CCF2E96D2300D5B900F4E118 /* Onboarding */,
				B87EA6542221EDC000CE8114 /* MainTabBarController.swift */,
				B8B41CE92228737B005E304A /* MainVC.swift */,
				CCF2E96A22FFD2F100F4E118 /* Settings */,
			);
			path = Controller;
			sourceTree = "<group>";
		};
		B8B41CE222286E45005E304A /* SubViews */ = {
			isa = PBXGroup;
			children = (
				B8B41CE322286E6E005E304A /* ContributionsGraphView.swift */,
			);
			path = SubViews;
			sourceTree = "<group>";
		};
		CC17DBAB22FF6F6500E34951 /* Supporting Files */ = {
			isa = PBXGroup;
			children = (
				B87EA6592221EDC200CE8114 /* Assets.xcassets */,
				B87EA65B2221EDC200CE8114 /* LaunchScreen.storyboard */,
			);
			path = "Supporting Files";
			sourceTree = "<group>";
		};
		CC84116523B47B9000B655A6 /* WatchDailyGit */ = {
			isa = PBXGroup;
			children = (
				CC84116623B47B9000B655A6 /* Interface.storyboard */,
				CC84116923B47B9400B655A6 /* Assets.xcassets */,
				CC84116B23B47B9400B655A6 /* Info.plist */,
			);
			path = WatchDailyGit;
			sourceTree = "<group>";
		};
		CC84117423B47B9400B655A6 /* WatchDailyGit Extension */ = {
			isa = PBXGroup;
			children = (
				CC84117523B47B9400B655A6 /* InterfaceController.swift */,
				CC84117723B47B9400B655A6 /* ExtensionDelegate.swift */,
				CC84117923B47B9400B655A6 /* NotificationController.swift */,
				CC84117B23B47B9400B655A6 /* ComplicationController.swift */,
				CC84117D23B47B9500B655A6 /* Assets.xcassets */,
				CC84117F23B47B9500B655A6 /* Info.plist */,
				CC84118023B47B9500B655A6 /* PushNotificationPayload.apns */,
			);
			path = "WatchDailyGit Extension";
			sourceTree = "<group>";
		};
		CCC3A822230B480B0051C151 /* Helpers */ = {
			isa = PBXGroup;
			children = (
				CC17DBAC22FF9D1500E34951 /* GithubDataManager.swift */,
				CCC3A820230B42050051C151 /* UserInfoHelper.swift */,
				CCC3A823230B483F0051C151 /* Reachability.swift */,
				CCB524292317237F004FF84B /* DateHelper.swift */,
			);
			path = Helpers;
			sourceTree = "<group>";
		};
		CCF2E96A22FFD2F100F4E118 /* Settings */ = {
			isa = PBXGroup;
			children = (
				B8B41CEB22287388005E304A /* RootSettingVC.swift */,
			);
			path = Settings;
			sourceTree = "<group>";
		};
		CCF2E96D2300D5B900F4E118 /* Onboarding */ = {
			isa = PBXGroup;
			children = (
				CCF2E96E2300D69B00F4E118 /* OnboardingVC.swift */,
			);
			path = Onboarding;
			sourceTree = "<group>";
		};
		CCF2E9732302291C00F4E118 /* Extensions */ = {
			isa = PBXGroup;
			children = (
				CCD5132B23158D0C00B000AA /* Date+Extensions.swift */,
				CCD5132D23158FE700B000AA /* String+Extensions.swift */,
				CC798C26233A94A300CBD8B0 /* UIColor+Extensions.swift */,
				CC9E1DD3242E352D00E7E283 /* Textfield+Extensions.swift */,
				CC5C43D42433E2D300446308 /* UIFont+UILabel+Extensions.swift */,
			);
			path = Extensions;
			sourceTree = "<group>";
		};
		CCFAB0E1240F66C3007000B8 /* OneSignalNotificationServiceExtension */ = {
			isa = PBXGroup;
			children = (
				CCFAB0EC240F6DFA007000B8 /* OneSignalNotificationServiceExtension.entitlements */,
				CCFAB0E2240F66C3007000B8 /* NotificationService.swift */,
				CCFAB0E4240F66C3007000B8 /* Info.plist */,
			);
			path = OneSignalNotificationServiceExtension;
			sourceTree = "<group>";
		};
/* End PBXGroup section */

/* Begin PBXNativeTarget section */
		B87EA64E2221EDC000CE8114 /* DailyGit */ = {
			isa = PBXNativeTarget;
			buildConfigurationList = B87EA6612221EDC200CE8114 /* Build configuration list for PBXNativeTarget "DailyGit" */;
			buildPhases = (
				D7181020310370BAD1627C9A /* [CP] Check Pods Manifest.lock */,
				B87EA64B2221EDC000CE8114 /* Sources */,
				B87EA64C2221EDC000CE8114 /* Frameworks */,
				B87EA64D2221EDC000CE8114 /* Resources */,
				9665569F0BE1A0CC8D8B5155 /* [CP] Embed Pods Frameworks */,
				CC84118423B47B9500B655A6 /* Embed Watch Content */,
				CCFAB0E8240F66C3007000B8 /* Embed App Extensions */,
			);
			buildRules = (
			);
			dependencies = (
				CC84118223B47B9500B655A6 /* PBXTargetDependency */,
				CCFAB0E6240F66C3007000B8 /* PBXTargetDependency */,
			);
			name = DailyGit;
			productName = DailyGit;
			productReference = B87EA64F2221EDC000CE8114 /* DailyGit.app */;
			productType = "com.apple.product-type.application";
		};
		CC84116323B47B9000B655A6 /* WatchDailyGit */ = {
			isa = PBXNativeTarget;
			buildConfigurationList = CC84118B23B47B9500B655A6 /* Build configuration list for PBXNativeTarget "WatchDailyGit" */;
			buildPhases = (
				CC84116223B47B9000B655A6 /* Resources */,
				CC84118723B47B9500B655A6 /* Embed App Extensions */,
				83928485BF99E94DDC3F05BC /* Frameworks */,
			);
			buildRules = (
			);
			dependencies = (
				CC84117323B47B9400B655A6 /* PBXTargetDependency */,
			);
			name = WatchDailyGit;
			productName = WatchDailyGit;
			productReference = CC84116423B47B9000B655A6 /* WatchDailyGit.app */;
			productType = "com.apple.product-type.application.watchapp2";
		};
		CC84116F23B47B9400B655A6 /* WatchDailyGit Extension */ = {
			isa = PBXNativeTarget;
			buildConfigurationList = CC84118A23B47B9500B655A6 /* Build configuration list for PBXNativeTarget "WatchDailyGit Extension" */;
			buildPhases = (
				CC84116C23B47B9400B655A6 /* Sources */,
				CC84116D23B47B9400B655A6 /* Frameworks */,
				CC84116E23B47B9400B655A6 /* Resources */,
			);
			buildRules = (
			);
			dependencies = (
			);
			name = "WatchDailyGit Extension";
			productName = "WatchDailyGit Extension";
			productReference = CC84117023B47B9400B655A6 /* WatchDailyGit Extension.appex */;
			productType = "com.apple.product-type.watchkit2-extension";
		};
		CCFAB0DF240F66C3007000B8 /* OneSignalNotificationServiceExtension */ = {
			isa = PBXNativeTarget;
			buildConfigurationList = CCFAB0EB240F66C3007000B8 /* Build configuration list for PBXNativeTarget "OneSignalNotificationServiceExtension" */;
			buildPhases = (
				7C48431C7425EEF58339ECCC /* [CP] Check Pods Manifest.lock */,
				CCFAB0DC240F66C3007000B8 /* Sources */,
				CCFAB0DD240F66C3007000B8 /* Frameworks */,
				CCFAB0DE240F66C3007000B8 /* Resources */,
			);
			buildRules = (
			);
			dependencies = (
			);
			name = OneSignalNotificationServiceExtension;
			productName = OneSignalNotificationServiceExtension;
			productReference = CCFAB0E0240F66C3007000B8 /* OneSignalNotificationServiceExtension.appex */;
			productType = "com.apple.product-type.app-extension";
		};
/* End PBXNativeTarget section */

/* Begin PBXProject section */
		B87EA6472221EDC000CE8114 /* Project object */ = {
			isa = PBXProject;
			attributes = {
				LastSwiftUpdateCheck = 1130;
				LastUpgradeCheck = 1020;
				ORGANIZATIONNAME = "Vlad Munteanu";
				TargetAttributes = {
					B87EA64E2221EDC000CE8114 = {
						CreatedOnToolsVersion = 10.2;
					};
					CC84116323B47B9000B655A6 = {
						CreatedOnToolsVersion = 11.3;
					};
					CC84116F23B47B9400B655A6 = {
						CreatedOnToolsVersion = 11.3;
					};
					CCFAB0DF240F66C3007000B8 = {
						CreatedOnToolsVersion = 11.3.1;
					};
				};
			};
			buildConfigurationList = B87EA64A2221EDC000CE8114 /* Build configuration list for PBXProject "DailyGit" */;
			compatibilityVersion = "Xcode 9.3";
			developmentRegion = en;
			hasScannedForEncodings = 0;
			knownRegions = (
				en,
				Base,
			);
			mainGroup = B87EA6462221EDC000CE8114;
			productRefGroup = B87EA6502221EDC000CE8114 /* Products */;
			projectDirPath = "";
			projectRoot = "";
			targets = (
				B87EA64E2221EDC000CE8114 /* DailyGit */,
				CC84116323B47B9000B655A6 /* WatchDailyGit */,
				CC84116F23B47B9400B655A6 /* WatchDailyGit Extension */,
				CCFAB0DF240F66C3007000B8 /* OneSignalNotificationServiceExtension */,
			);
		};
/* End PBXProject section */

/* Begin PBXResourcesBuildPhase section */
		B87EA64D2221EDC000CE8114 /* Resources */ = {
			isa = PBXResourcesBuildPhase;
			buildActionMask = 2147483647;
			files = (
				CCF2E96C22FFE02D00F4E118 /* testing.storyboard in Resources */,
				B87EA65D2221EDC200CE8114 /* LaunchScreen.storyboard in Resources */,
				B87EA65A2221EDC200CE8114 /* Assets.xcassets in Resources */,
			);
			runOnlyForDeploymentPostprocessing = 0;
		};
		CC84116223B47B9000B655A6 /* Resources */ = {
			isa = PBXResourcesBuildPhase;
			buildActionMask = 2147483647;
			files = (
				CC84116A23B47B9400B655A6 /* Assets.xcassets in Resources */,
				CC84116823B47B9000B655A6 /* Interface.storyboard in Resources */,
			);
			runOnlyForDeploymentPostprocessing = 0;
		};
		CC84116E23B47B9400B655A6 /* Resources */ = {
			isa = PBXResourcesBuildPhase;
			buildActionMask = 2147483647;
			files = (
				CC84117E23B47B9500B655A6 /* Assets.xcassets in Resources */,
			);
			runOnlyForDeploymentPostprocessing = 0;
		};
		CCFAB0DE240F66C3007000B8 /* Resources */ = {
			isa = PBXResourcesBuildPhase;
			buildActionMask = 2147483647;
			files = (
			);
			runOnlyForDeploymentPostprocessing = 0;
		};
/* End PBXResourcesBuildPhase section */

/* Begin PBXShellScriptBuildPhase section */
		7C48431C7425EEF58339ECCC /* [CP] Check Pods Manifest.lock */ = {
			isa = PBXShellScriptBuildPhase;
			buildActionMask = 2147483647;
			files = (
			);
			inputFileListPaths = (
			);
			inputPaths = (
				"${PODS_PODFILE_DIR_PATH}/Podfile.lock",
				"${PODS_ROOT}/Manifest.lock",
			);
			name = "[CP] Check Pods Manifest.lock";
			outputFileListPaths = (
			);
			outputPaths = (
				"$(DERIVED_FILE_DIR)/Pods-OneSignalNotificationServiceExtension-checkManifestLockResult.txt",
			);
			runOnlyForDeploymentPostprocessing = 0;
			shellPath = /bin/sh;
			shellScript = "diff \"${PODS_PODFILE_DIR_PATH}/Podfile.lock\" \"${PODS_ROOT}/Manifest.lock\" > /dev/null\nif [ $? != 0 ] ; then\n    # print error to STDERR\n    echo \"error: The sandbox is not in sync with the Podfile.lock. Run 'pod install' or update your CocoaPods installation.\" >&2\n    exit 1\nfi\n# This output is used by Xcode 'outputs' to avoid re-running this script phase.\necho \"SUCCESS\" > \"${SCRIPT_OUTPUT_FILE_0}\"\n";
			showEnvVarsInLog = 0;
		};
		9665569F0BE1A0CC8D8B5155 /* [CP] Embed Pods Frameworks */ = {
			isa = PBXShellScriptBuildPhase;
			buildActionMask = 2147483647;
			files = (
			);
			inputFileListPaths = (
				"${PODS_ROOT}/Target Support Files/Pods-DailyGit/Pods-DailyGit-frameworks-${CONFIGURATION}-input-files.xcfilelist",
			);
			name = "[CP] Embed Pods Frameworks";
			outputFileListPaths = (
				"${PODS_ROOT}/Target Support Files/Pods-DailyGit/Pods-DailyGit-frameworks-${CONFIGURATION}-output-files.xcfilelist",
			);
			runOnlyForDeploymentPostprocessing = 0;
			shellPath = /bin/sh;
			shellScript = "\"${PODS_ROOT}/Target Support Files/Pods-DailyGit/Pods-DailyGit-frameworks.sh\"\n";
			showEnvVarsInLog = 0;
		};
		D7181020310370BAD1627C9A /* [CP] Check Pods Manifest.lock */ = {
			isa = PBXShellScriptBuildPhase;
			buildActionMask = 2147483647;
			files = (
			);
			inputFileListPaths = (
			);
			inputPaths = (
				"${PODS_PODFILE_DIR_PATH}/Podfile.lock",
				"${PODS_ROOT}/Manifest.lock",
			);
			name = "[CP] Check Pods Manifest.lock";
			outputFileListPaths = (
			);
			outputPaths = (
				"$(DERIVED_FILE_DIR)/Pods-DailyGit-checkManifestLockResult.txt",
			);
			runOnlyForDeploymentPostprocessing = 0;
			shellPath = /bin/sh;
			shellScript = "diff \"${PODS_PODFILE_DIR_PATH}/Podfile.lock\" \"${PODS_ROOT}/Manifest.lock\" > /dev/null\nif [ $? != 0 ] ; then\n    # print error to STDERR\n    echo \"error: The sandbox is not in sync with the Podfile.lock. Run 'pod install' or update your CocoaPods installation.\" >&2\n    exit 1\nfi\n# This output is used by Xcode 'outputs' to avoid re-running this script phase.\necho \"SUCCESS\" > \"${SCRIPT_OUTPUT_FILE_0}\"\n";
			showEnvVarsInLog = 0;
		};
/* End PBXShellScriptBuildPhase section */

/* Begin PBXSourcesBuildPhase section */
		B87EA64B2221EDC000CE8114 /* Sources */ = {
			isa = PBXSourcesBuildPhase;
			buildActionMask = 2147483647;
			files = (
				CCC3A81F230B16FC0051C151 /* User.swift in Sources */,
				CC17DBAD22FF9D1500E34951 /* GithubDataManager.swift in Sources */,
				CCF2E96F2300D69B00F4E118 /* OnboardingVC.swift in Sources */,
				B87EA6552221EDC000CE8114 /* MainTabBarController.swift in Sources */,
				CCD5132E23158FE700B000AA /* String+Extensions.swift in Sources */,
				CCC3A821230B42050051C151 /* UserInfoHelper.swift in Sources */,
				CCF2E97223011F3500F4E118 /* OnboardingView.swift in Sources */,
				CC5C43D52433E2D300446308 /* UIFont+UILabel+Extensions.swift in Sources */,
				CCB5242A2317237F004FF84B /* DateHelper.swift in Sources */,
				CC9E1DD4242E352D00E7E283 /* Textfield+Extensions.swift in Sources */,
				CCD5132C23158D0C00B000AA /* Date+Extensions.swift in Sources */,
				CC798C27233A94A300CBD8B0 /* UIColor+Extensions.swift in Sources */,
				CCC3A81D230B15CB0051C151 /* Contribution.swift in Sources */,
				CCC3A824230B483F0051C151 /* Reachability.swift in Sources */,
				B8B41CEA2228737B005E304A /* MainVC.swift in Sources */,
				B8B41CE122283A34005E304A /* CommitsView.swift in Sources */,
				B8B41CE422286E6E005E304A /* ContributionsGraphView.swift in Sources */,
				B87EA6532221EDC000CE8114 /* AppDelegate.swift in Sources */,
				B87EA6652221EE0300CE8114 /* Constants.swift in Sources */,
				B8B41CEC22287388005E304A /* RootSettingVC.swift in Sources */,
			);
			runOnlyForDeploymentPostprocessing = 0;
		};
		CC84116C23B47B9400B655A6 /* Sources */ = {
			isa = PBXSourcesBuildPhase;
			buildActionMask = 2147483647;
			files = (
				CC84117A23B47B9400B655A6 /* NotificationController.swift in Sources */,
				CC84117C23B47B9400B655A6 /* ComplicationController.swift in Sources */,
				CC84117823B47B9400B655A6 /* ExtensionDelegate.swift in Sources */,
				CC84117623B47B9400B655A6 /* InterfaceController.swift in Sources */,
			);
			runOnlyForDeploymentPostprocessing = 0;
		};
		CCFAB0DC240F66C3007000B8 /* Sources */ = {
			isa = PBXSourcesBuildPhase;
			buildActionMask = 2147483647;
			files = (
				CCFAB0E3240F66C3007000B8 /* NotificationService.swift in Sources */,
			);
			runOnlyForDeploymentPostprocessing = 0;
		};
/* End PBXSourcesBuildPhase section */

/* Begin PBXTargetDependency section */
		CC84117323B47B9400B655A6 /* PBXTargetDependency */ = {
			isa = PBXTargetDependency;
			target = CC84116F23B47B9400B655A6 /* WatchDailyGit Extension */;
			targetProxy = CC84117223B47B9400B655A6 /* PBXContainerItemProxy */;
		};
		CC84118223B47B9500B655A6 /* PBXTargetDependency */ = {
			isa = PBXTargetDependency;
			target = CC84116323B47B9000B655A6 /* WatchDailyGit */;
			targetProxy = CC84118123B47B9500B655A6 /* PBXContainerItemProxy */;
		};
		CCFAB0E6240F66C3007000B8 /* PBXTargetDependency */ = {
			isa = PBXTargetDependency;
			target = CCFAB0DF240F66C3007000B8 /* OneSignalNotificationServiceExtension */;
			targetProxy = CCFAB0E5240F66C3007000B8 /* PBXContainerItemProxy */;
		};
/* End PBXTargetDependency section */

/* Begin PBXVariantGroup section */
		B87EA65B2221EDC200CE8114 /* LaunchScreen.storyboard */ = {
			isa = PBXVariantGroup;
			children = (
				B87EA65C2221EDC200CE8114 /* Base */,
			);
			name = LaunchScreen.storyboard;
			sourceTree = "<group>";
		};
		CC84116623B47B9000B655A6 /* Interface.storyboard */ = {
			isa = PBXVariantGroup;
			children = (
				CC84116723B47B9000B655A6 /* Base */,
			);
			name = Interface.storyboard;
			sourceTree = "<group>";
		};
/* End PBXVariantGroup section */

/* Begin XCBuildConfiguration section */
		B87EA65F2221EDC200CE8114 /* Debug */ = {
			isa = XCBuildConfiguration;
			buildSettings = {
				ALWAYS_SEARCH_USER_PATHS = NO;
				CLANG_ANALYZER_NONNULL = YES;
				CLANG_ANALYZER_NUMBER_OBJECT_CONVERSION = YES_AGGRESSIVE;
				CLANG_CXX_LANGUAGE_STANDARD = "gnu++14";
				CLANG_CXX_LIBRARY = "libc++";
				CLANG_ENABLE_MODULES = YES;
				CLANG_ENABLE_OBJC_ARC = YES;
				CLANG_ENABLE_OBJC_WEAK = YES;
				CLANG_WARN_BLOCK_CAPTURE_AUTORELEASING = YES;
				CLANG_WARN_BOOL_CONVERSION = YES;
				CLANG_WARN_COMMA = YES;
				CLANG_WARN_CONSTANT_CONVERSION = YES;
				CLANG_WARN_DEPRECATED_OBJC_IMPLEMENTATIONS = YES;
				CLANG_WARN_DIRECT_OBJC_ISA_USAGE = YES_ERROR;
				CLANG_WARN_DOCUMENTATION_COMMENTS = YES;
				CLANG_WARN_EMPTY_BODY = YES;
				CLANG_WARN_ENUM_CONVERSION = YES;
				CLANG_WARN_INFINITE_RECURSION = YES;
				CLANG_WARN_INT_CONVERSION = YES;
				CLANG_WARN_NON_LITERAL_NULL_CONVERSION = YES;
				CLANG_WARN_OBJC_IMPLICIT_RETAIN_SELF = YES;
				CLANG_WARN_OBJC_LITERAL_CONVERSION = YES;
				CLANG_WARN_OBJC_ROOT_CLASS = YES_ERROR;
				CLANG_WARN_RANGE_LOOP_ANALYSIS = YES;
				CLANG_WARN_STRICT_PROTOTYPES = YES;
				CLANG_WARN_SUSPICIOUS_MOVE = YES;
				CLANG_WARN_UNGUARDED_AVAILABILITY = YES_AGGRESSIVE;
				CLANG_WARN_UNREACHABLE_CODE = YES;
				CLANG_WARN__DUPLICATE_METHOD_MATCH = YES;
				CODE_SIGN_IDENTITY = "iPhone Developer";
				COPY_PHASE_STRIP = NO;
				DEBUG_INFORMATION_FORMAT = dwarf;
				ENABLE_STRICT_OBJC_MSGSEND = YES;
				ENABLE_TESTABILITY = YES;
				GCC_C_LANGUAGE_STANDARD = gnu11;
				GCC_DYNAMIC_NO_PIC = NO;
				GCC_NO_COMMON_BLOCKS = YES;
				GCC_OPTIMIZATION_LEVEL = 0;
				GCC_PREPROCESSOR_DEFINITIONS = (
					"DEBUG=1",
					"$(inherited)",
				);
				GCC_WARN_64_TO_32_BIT_CONVERSION = YES;
				GCC_WARN_ABOUT_RETURN_TYPE = YES_ERROR;
				GCC_WARN_UNDECLARED_SELECTOR = YES;
				GCC_WARN_UNINITIALIZED_AUTOS = YES_AGGRESSIVE;
				GCC_WARN_UNUSED_FUNCTION = YES;
				GCC_WARN_UNUSED_VARIABLE = YES;
				IPHONEOS_DEPLOYMENT_TARGET = 11.0;
				MTL_ENABLE_DEBUG_INFO = INCLUDE_SOURCE;
				MTL_FAST_MATH = YES;
				ONLY_ACTIVE_ARCH = YES;
				SDKROOT = iphoneos;
				SWIFT_ACTIVE_COMPILATION_CONDITIONS = DEBUG;
				SWIFT_OPTIMIZATION_LEVEL = "-Onone";
				SWIFT_VERSION = 5.0;
			};
			name = Debug;
		};
		B87EA6602221EDC200CE8114 /* Release */ = {
			isa = XCBuildConfiguration;
			buildSettings = {
				ALWAYS_SEARCH_USER_PATHS = NO;
				CLANG_ANALYZER_NONNULL = YES;
				CLANG_ANALYZER_NUMBER_OBJECT_CONVERSION = YES_AGGRESSIVE;
				CLANG_CXX_LANGUAGE_STANDARD = "gnu++14";
				CLANG_CXX_LIBRARY = "libc++";
				CLANG_ENABLE_MODULES = YES;
				CLANG_ENABLE_OBJC_ARC = YES;
				CLANG_ENABLE_OBJC_WEAK = YES;
				CLANG_WARN_BLOCK_CAPTURE_AUTORELEASING = YES;
				CLANG_WARN_BOOL_CONVERSION = YES;
				CLANG_WARN_COMMA = YES;
				CLANG_WARN_CONSTANT_CONVERSION = YES;
				CLANG_WARN_DEPRECATED_OBJC_IMPLEMENTATIONS = YES;
				CLANG_WARN_DIRECT_OBJC_ISA_USAGE = YES_ERROR;
				CLANG_WARN_DOCUMENTATION_COMMENTS = YES;
				CLANG_WARN_EMPTY_BODY = YES;
				CLANG_WARN_ENUM_CONVERSION = YES;
				CLANG_WARN_INFINITE_RECURSION = YES;
				CLANG_WARN_INT_CONVERSION = YES;
				CLANG_WARN_NON_LITERAL_NULL_CONVERSION = YES;
				CLANG_WARN_OBJC_IMPLICIT_RETAIN_SELF = YES;
				CLANG_WARN_OBJC_LITERAL_CONVERSION = YES;
				CLANG_WARN_OBJC_ROOT_CLASS = YES_ERROR;
				CLANG_WARN_RANGE_LOOP_ANALYSIS = YES;
				CLANG_WARN_STRICT_PROTOTYPES = YES;
				CLANG_WARN_SUSPICIOUS_MOVE = YES;
				CLANG_WARN_UNGUARDED_AVAILABILITY = YES_AGGRESSIVE;
				CLANG_WARN_UNREACHABLE_CODE = YES;
				CLANG_WARN__DUPLICATE_METHOD_MATCH = YES;
				CODE_SIGN_IDENTITY = "iPhone Developer";
				COPY_PHASE_STRIP = NO;
				DEBUG_INFORMATION_FORMAT = "dwarf-with-dsym";
				ENABLE_NS_ASSERTIONS = NO;
				ENABLE_STRICT_OBJC_MSGSEND = YES;
				GCC_C_LANGUAGE_STANDARD = gnu11;
				GCC_NO_COMMON_BLOCKS = YES;
				GCC_WARN_64_TO_32_BIT_CONVERSION = YES;
				GCC_WARN_ABOUT_RETURN_TYPE = YES_ERROR;
				GCC_WARN_UNDECLARED_SELECTOR = YES;
				GCC_WARN_UNINITIALIZED_AUTOS = YES_AGGRESSIVE;
				GCC_WARN_UNUSED_FUNCTION = YES;
				GCC_WARN_UNUSED_VARIABLE = YES;
				IPHONEOS_DEPLOYMENT_TARGET = 11.0;
				MTL_ENABLE_DEBUG_INFO = NO;
				MTL_FAST_MATH = YES;
				SDKROOT = iphoneos;
				SWIFT_COMPILATION_MODE = wholemodule;
				SWIFT_OPTIMIZATION_LEVEL = "-O";
				SWIFT_VERSION = 5.0;
				VALIDATE_PRODUCT = YES;
			};
			name = Release;
		};
		B87EA6622221EDC200CE8114 /* Debug */ = {
			isa = XCBuildConfiguration;
			baseConfigurationReference = 115511AC256958835482543F /* Pods-DailyGit.debug.xcconfig */;
			buildSettings = {
				ALWAYS_EMBED_SWIFT_STANDARD_LIBRARIES = YES;
				ASSETCATALOG_COMPILER_APPICON_NAME = AppIcon;
				CODE_SIGN_ALLOW_ENTITLEMENTS_MODIFICATION = YES;
				CODE_SIGN_ENTITLEMENTS = DailyGit/DailyGit.entitlements;
				CODE_SIGN_STYLE = Automatic;
				DEVELOPMENT_TEAM = B8C8RXSHKT;
				INFOPLIST_FILE = DailyGit/Info.plist;
				LD_RUNPATH_SEARCH_PATHS = (
					"$(inherited)",
					"@executable_path/Frameworks",
				);
				PRODUCT_BUNDLE_IDENTIFIER = com.LesGarcons.DailyGit;
				PRODUCT_NAME = "$(TARGET_NAME)";
				SWIFT_VERSION = 5.0;
				TARGETED_DEVICE_FAMILY = "1,2";
			};
			name = Debug;
		};
		B87EA6632221EDC200CE8114 /* Release */ = {
			isa = XCBuildConfiguration;
			baseConfigurationReference = D4785D0209F19D090C54C17B /* Pods-DailyGit.release.xcconfig */;
			buildSettings = {
				ALWAYS_EMBED_SWIFT_STANDARD_LIBRARIES = YES;
				ASSETCATALOG_COMPILER_APPICON_NAME = AppIcon;
				CODE_SIGN_ALLOW_ENTITLEMENTS_MODIFICATION = YES;
				CODE_SIGN_ENTITLEMENTS = DailyGit/DailyGit.entitlements;
				CODE_SIGN_STYLE = Automatic;
				DEVELOPMENT_TEAM = B8C8RXSHKT;
				INFOPLIST_FILE = DailyGit/Info.plist;
				LD_RUNPATH_SEARCH_PATHS = (
					"$(inherited)",
					"@executable_path/Frameworks",
				);
				PRODUCT_BUNDLE_IDENTIFIER = com.LesGarcons.DailyGit;
				PRODUCT_NAME = "$(TARGET_NAME)";
				SWIFT_VERSION = 5.0;
				TARGETED_DEVICE_FAMILY = "1,2";
			};
			name = Release;
		};
		CC84118523B47B9500B655A6 /* Debug */ = {
			isa = XCBuildConfiguration;
			buildSettings = {
				ALWAYS_EMBED_SWIFT_STANDARD_LIBRARIES = YES;
				ASSETCATALOG_COMPILER_APPICON_NAME = AppIcon;
				CODE_SIGN_STYLE = Automatic;
				DEVELOPMENT_TEAM = B8C8RXSHKT;
				IBSC_MODULE = WatchDailyGit_Extension;
				INFOPLIST_FILE = WatchDailyGit/Info.plist;
				PRODUCT_BUNDLE_IDENTIFIER = com.LesGarcons.DailyGit.watchkitapp;
				PRODUCT_NAME = "$(TARGET_NAME)";
				SDKROOT = watchos;
				SKIP_INSTALL = YES;
				SWIFT_VERSION = 5.0;
				TARGETED_DEVICE_FAMILY = 4;
				WATCHOS_DEPLOYMENT_TARGET = 5.0;
			};
			name = Debug;
		};
		CC84118623B47B9500B655A6 /* Release */ = {
			isa = XCBuildConfiguration;
			buildSettings = {
				ALWAYS_EMBED_SWIFT_STANDARD_LIBRARIES = YES;
				ASSETCATALOG_COMPILER_APPICON_NAME = AppIcon;
				CODE_SIGN_STYLE = Automatic;
				DEVELOPMENT_TEAM = B8C8RXSHKT;
				IBSC_MODULE = WatchDailyGit_Extension;
				INFOPLIST_FILE = WatchDailyGit/Info.plist;
				PRODUCT_BUNDLE_IDENTIFIER = com.LesGarcons.DailyGit.watchkitapp;
				PRODUCT_NAME = "$(TARGET_NAME)";
				SDKROOT = watchos;
				SKIP_INSTALL = YES;
				SWIFT_VERSION = 5.0;
				TARGETED_DEVICE_FAMILY = 4;
				WATCHOS_DEPLOYMENT_TARGET = 5.0;
			};
			name = Release;
		};
		CC84118823B47B9500B655A6 /* Debug */ = {
			isa = XCBuildConfiguration;
			buildSettings = {
				ASSETCATALOG_COMPILER_COMPLICATION_NAME = Complication;
				CODE_SIGN_STYLE = Automatic;
				DEVELOPMENT_TEAM = B8C8RXSHKT;
				INFOPLIST_FILE = "WatchDailyGit Extension/Info.plist";
				LD_RUNPATH_SEARCH_PATHS = (
					"$(inherited)",
					"@executable_path/Frameworks",
					"@executable_path/../../Frameworks",
				);
				PRODUCT_BUNDLE_IDENTIFIER = com.LesGarcons.DailyGit.watchkitapp.watchkitextension;
				PRODUCT_NAME = "${TARGET_NAME}";
				SDKROOT = watchos;
				SKIP_INSTALL = YES;
				SWIFT_VERSION = 5.0;
				TARGETED_DEVICE_FAMILY = 4;
				WATCHOS_DEPLOYMENT_TARGET = 5.0;
			};
			name = Debug;
		};
		CC84118923B47B9500B655A6 /* Release */ = {
			isa = XCBuildConfiguration;
			buildSettings = {
				ASSETCATALOG_COMPILER_COMPLICATION_NAME = Complication;
				CODE_SIGN_STYLE = Automatic;
				DEVELOPMENT_TEAM = B8C8RXSHKT;
				INFOPLIST_FILE = "WatchDailyGit Extension/Info.plist";
				LD_RUNPATH_SEARCH_PATHS = (
					"$(inherited)",
					"@executable_path/Frameworks",
					"@executable_path/../../Frameworks",
				);
				PRODUCT_BUNDLE_IDENTIFIER = com.LesGarcons.DailyGit.watchkitapp.watchkitextension;
				PRODUCT_NAME = "${TARGET_NAME}";
				SDKROOT = watchos;
				SKIP_INSTALL = YES;
				SWIFT_VERSION = 5.0;
				TARGETED_DEVICE_FAMILY = 4;
				WATCHOS_DEPLOYMENT_TARGET = 5.0;
			};
			name = Release;
		};
		CCFAB0E9240F66C3007000B8 /* Debug */ = {
			isa = XCBuildConfiguration;
			baseConfigurationReference = 8A9C694B9CF2C8E2565358F9 /* Pods-OneSignalNotificationServiceExtension.debug.xcconfig */;
			buildSettings = {
				CODE_SIGN_ENTITLEMENTS = OneSignalNotificationServiceExtension/OneSignalNotificationServiceExtension.entitlements;
				CODE_SIGN_STYLE = Automatic;
				DEVELOPMENT_TEAM = B8C8RXSHKT;
				INFOPLIST_FILE = OneSignalNotificationServiceExtension/Info.plist;
				IPHONEOS_DEPLOYMENT_TARGET = 11.0;
				LD_RUNPATH_SEARCH_PATHS = (
					"$(inherited)",
					"@executable_path/Frameworks",
					"@executable_path/../../Frameworks",
				);
				PRODUCT_BUNDLE_IDENTIFIER = com.LesGarcons.DailyGit.OneSignalNotificationServiceExtension;
				PRODUCT_NAME = "$(TARGET_NAME)";
				SKIP_INSTALL = YES;
				SWIFT_VERSION = 5.0;
				TARGETED_DEVICE_FAMILY = "1,2";
			};
			name = Debug;
		};
		CCFAB0EA240F66C3007000B8 /* Release */ = {
			isa = XCBuildConfiguration;
			baseConfigurationReference = 816320BA58723FF33ABDE6EA /* Pods-OneSignalNotificationServiceExtension.release.xcconfig */;
			buildSettings = {
				CODE_SIGN_ENTITLEMENTS = OneSignalNotificationServiceExtension/OneSignalNotificationServiceExtension.entitlements;
				CODE_SIGN_STYLE = Automatic;
				DEVELOPMENT_TEAM = B8C8RXSHKT;
				INFOPLIST_FILE = OneSignalNotificationServiceExtension/Info.plist;
				IPHONEOS_DEPLOYMENT_TARGET = 11.0;
				LD_RUNPATH_SEARCH_PATHS = (
					"$(inherited)",
					"@executable_path/Frameworks",
					"@executable_path/../../Frameworks",
				);
				PRODUCT_BUNDLE_IDENTIFIER = com.LesGarcons.DailyGit.OneSignalNotificationServiceExtension;
				PRODUCT_NAME = "$(TARGET_NAME)";
				SKIP_INSTALL = YES;
				SWIFT_VERSION = 5.0;
				TARGETED_DEVICE_FAMILY = "1,2";
			};
			name = Release;
		};
/* End XCBuildConfiguration section */

/* Begin XCConfigurationList section */
		B87EA64A2221EDC000CE8114 /* Build configuration list for PBXProject "DailyGit" */ = {
			isa = XCConfigurationList;
			buildConfigurations = (
				B87EA65F2221EDC200CE8114 /* Debug */,
				B87EA6602221EDC200CE8114 /* Release */,
			);
			defaultConfigurationIsVisible = 0;
			defaultConfigurationName = Release;
		};
		B87EA6612221EDC200CE8114 /* Build configuration list for PBXNativeTarget "DailyGit" */ = {
			isa = XCConfigurationList;
			buildConfigurations = (
				B87EA6622221EDC200CE8114 /* Debug */,
				B87EA6632221EDC200CE8114 /* Release */,
			);
			defaultConfigurationIsVisible = 0;
			defaultConfigurationName = Release;
		};
		CC84118A23B47B9500B655A6 /* Build configuration list for PBXNativeTarget "WatchDailyGit Extension" */ = {
			isa = XCConfigurationList;
			buildConfigurations = (
				CC84118823B47B9500B655A6 /* Debug */,
				CC84118923B47B9500B655A6 /* Release */,
			);
			defaultConfigurationIsVisible = 0;
			defaultConfigurationName = Release;
		};
		CC84118B23B47B9500B655A6 /* Build configuration list for PBXNativeTarget "WatchDailyGit" */ = {
			isa = XCConfigurationList;
			buildConfigurations = (
				CC84118523B47B9500B655A6 /* Debug */,
				CC84118623B47B9500B655A6 /* Release */,
			);
			defaultConfigurationIsVisible = 0;
			defaultConfigurationName = Release;
		};
		CCFAB0EB240F66C3007000B8 /* Build configuration list for PBXNativeTarget "OneSignalNotificationServiceExtension" */ = {
			isa = XCConfigurationList;
			buildConfigurations = (
				CCFAB0E9240F66C3007000B8 /* Debug */,
				CCFAB0EA240F66C3007000B8 /* Release */,
			);
			defaultConfigurationIsVisible = 0;
			defaultConfigurationName = Release;
		};
/* End XCConfigurationList section */
	};
	rootObject = B87EA6472221EDC000CE8114 /* Project object */;
}
